
Microsoft Visual Studio Solution File, Format Version 12.00
# Visual Studio Version 16
VisualStudioVersion = 16.0.31702.278
MinimumVisualStudioVersion = 10.0.40219.1
Project("{FAE04EC0-301F-11D3-BF4B-00C04F79EFBC}") = "InternetConnectionChecker", "InternetConnectionChecker\InternetConnectionChecker.csproj", "{E3D80895-A9BB-4263-A9A7-707CF7B94DE9}"
EndProject
Global
	GlobalSection(SolutionConfigurationPlatforms) = preSolution
		Debug|Any CPU = Debug|Any CPU
		Release|Any CPU = Release|Any CPU
	EndGlobalSection
	GlobalSection(ProjectConfigurationPlatforms) = postSolution
		{E3D80895-A9BB-4263-A9A7-707CF7B94DE9}.Debug|Any CPU.ActiveCfg = Debug|Any CPU
		{E3D80895-A9BB-4263-A9A7-707CF7B94DE9}.Debug|Any CPU.Build.0 = Debug|Any CPU
		{E3D80895-A9BB-4263-A9A7-707CF7B94DE9}.Release|Any CPU.ActiveCfg = Release|Any CPU
		{E3D80895-A9BB-4263-A9A7-707CF7B94DE9}.Release|Any CPU.Build.0 = Release|Any CPU
	EndGlobalSection
	GlobalSection(SolutionProperties) = preSolution
		HideSolutionNode = FALSE
	EndGlobalSection
	GlobalSection(ExtensibilityGlobals) = postSolution
		SolutionGuid = {E6925D0C-777D-4FA4-B74D-58DA4CF748A5}
	EndGlobalSection
EndGlobal
